<?xml version="1.0" encoding="utf-8"?>
<Project ToolsVersion="4.0" xmlns="http://schemas.microsoft.com/developer/msbuild/2003">
  <ItemGroup>
    <Filter Include="src">
      <UniqueIdentifier>{0c0049e4-37a9-4951-9d9d-7c3e818d77d4}</UniqueIdentifier>
    </Filter>
    <Filter Include="header">
      <UniqueIdentifier>{ef988a0b-7eda-4254-ac56-acf3ac7d6464}</UniqueIdentifier>
    </Filter>
  </ItemGroup>
  <ItemGroup>
    <ClInclude Include="header\cuda_util.h">
      <Filter>header</Filter>
    </ClInclude>
    <ClInclude Include="header\image.h">
      <Filter>header</Filter>
    </ClInclude>
    <ClInclude Include="RgbLab.h">
      <Filter>header</Filter>
    </ClInclude>
  </ItemGroup>
  <ItemGroup>
    <ClCompile Include="src\image.cpp">
      <Filter>src</Filter>
    </ClCompile>
    <ClCompile Include="src\RgbLab.cpp">
      <Filter>src</Filter>
    </ClCompile>
    <ClCompile Include="main.cpp">
      <Filter>src</Filter>
    </ClCompile>
  </ItemGroup>
  <ItemGroup>
    <CudaCompile Include="src\test.cu">
      <Filter>src</Filter>
    </CudaCompile>
  </ItemGroup>
</Project>